// !$*UTF8*$!
{
	archiveVersion = 1;
	classes = {
	};
	objectVersion = 56;
	objects = {

/* Begin PBXBuildFile section */
		0808A89C2A0586D200CA3AB1 /* SetCard.swift in Sources */ = {isa = PBXBuildFile; fileRef = 0808A89B2A0586D200CA3AB1 /* SetCard.swift */; };
		0808A89E2A058D5F00CA3AB1 /* SetDeck.swift in Sources */ = {isa = PBXBuildFile; fileRef = 0808A89D2A058D5F00CA3AB1 /* SetDeck.swift */; };
		0808A8A12A061A0600CA3AB1 /* SetSelection.swift in Sources */ = {isa = PBXBuildFile; fileRef = 0808A8A02A061A0600CA3AB1 /* SetSelection.swift */; };
		0808A8A42A062FB400CA3AB1 /* Card.swift in Sources */ = {isa = PBXBuildFile; fileRef = 0808A8A32A062FB400CA3AB1 /* Card.swift */; };
		0808A8A62A06384A00CA3AB1 /* Deck.swift in Sources */ = {isa = PBXBuildFile; fileRef = 0808A8A52A06384A00CA3AB1 /* Deck.swift */; };
		0808A8A82A08D53900CA3AB1 /* ShapeView.swift in Sources */ = {isa = PBXBuildFile; fileRef = 0808A8A72A08D53900CA3AB1 /* ShapeView.swift */; };
		0808A8AA2A08D7C200CA3AB1 /* ActionBarView.swift in Sources */ = {isa = PBXBuildFile; fileRef = 0808A8A92A08D7C200CA3AB1 /* ActionBarView.swift */; };
		084E43172A0A823D0090E74F /* Extensions.swift in Sources */ = {isa = PBXBuildFile; fileRef = 084E43162A0A823D0090E74F /* Extensions.swift */; };
		0865EA382A0A360900EC20F6 /* StripedView.swift in Sources */ = {isa = PBXBuildFile; fileRef = 0865EA372A0A360900EC20F6 /* StripedView.swift */; };
		0865EA3A2A0A423F00EC20F6 /* TopBarView.swift in Sources */ = {isa = PBXBuildFile; fileRef = 0865EA392A0A423F00EC20F6 /* TopBarView.swift */; };
		08CFE7ED2A001130000B7FF0 /* SetApp.swift in Sources */ = {isa = PBXBuildFile; fileRef = 08CFE7EC2A001130000B7FF0 /* SetApp.swift */; };
		08CFE7EF2A001130000B7FF0 /* SetView.swift in Sources */ = {isa = PBXBuildFile; fileRef = 08CFE7EE2A001130000B7FF0 /* SetView.swift */; };
		08CFE7F12A001132000B7FF0 /* Assets.xcassets in Resources */ = {isa = PBXBuildFile; fileRef = 08CFE7F02A001132000B7FF0 /* Assets.xcassets */; };
		08CFE7F42A001132000B7FF0 /* Preview Assets.xcassets in Resources */ = {isa = PBXBuildFile; fileRef = 08CFE7F32A001132000B7FF0 /* Preview Assets.xcassets */; };
		08CFE7FE2A001156000B7FF0 /* SetGame.swift in Sources */ = {isa = PBXBuildFile; fileRef = 08CFE7FD2A001156000B7FF0 /* SetGame.swift */; };
		08CFE8002A0030FD000B7FF0 /* Diamond.swift in Sources */ = {isa = PBXBuildFile; fileRef = 08CFE7FF2A0030FD000B7FF0 /* Diamond.swift */; };
		08CFE8022A003682000B7FF0 /* Oval.swift in Sources */ = {isa = PBXBuildFile; fileRef = 08CFE8012A003682000B7FF0 /* Oval.swift */; };
		08CFE8042A00DA53000B7FF0 /* Squiggle.swift in Sources */ = {isa = PBXBuildFile; fileRef = 08CFE8032A00DA53000B7FF0 /* Squiggle.swift */; };
		08CFE8082A0137FC000B7FF0 /* SquiggleView.swift in Sources */ = {isa = PBXBuildFile; fileRef = 08CFE8072A0137FC000B7FF0 /* SquiggleView.swift */; };
		08CFE80A2A017BFD000B7FF0 /* SetViewModel.swift in Sources */ = {isa = PBXBuildFile; fileRef = 08CFE8092A017BFD000B7FF0 /* SetViewModel.swift */; };
		08CFE80C2A01838D000B7FF0 /* CardView.swift in Sources */ = {isa = PBXBuildFile; fileRef = 08CFE80B2A01838D000B7FF0 /* CardView.swift */; };
		08CFE80E2A0183E0000B7FF0 /* SetCardViewModel.swift in Sources */ = {isa = PBXBuildFile; fileRef = 08CFE80D2A0183E0000B7FF0 /* SetCardViewModel.swift */; };
		08CFE8102A01861A000B7FF0 /* AspectVGrid.swift in Sources */ = {isa = PBXBuildFile; fileRef = 08CFE80F2A01861A000B7FF0 /* AspectVGrid.swift */; };
/* End PBXBuildFile section */

/* Begin PBXFileReference section */
		0808A89B2A0586D200CA3AB1 /* SetCard.swift */ = {isa = PBXFileReference; lastKnownFileType = sourcecode.swift; path = SetCard.swift; sourceTree = "<group>"; };
		0808A89D2A058D5F00CA3AB1 /* SetDeck.swift */ = {isa = PBXFileReference; lastKnownFileType = sourcecode.swift; path = SetDeck.swift; sourceTree = "<group>"; };
		0808A8A02A061A0600CA3AB1 /* SetSelection.swift */ = {isa = PBXFileReference; lastKnownFileType = sourcecode.swift; path = SetSelection.swift; sourceTree = "<group>"; };
		0808A8A32A062FB400CA3AB1 /* Card.swift */ = {isa = PBXFileReference; lastKnownFileType = sourcecode.swift; path = Card.swift; sourceTree = "<group>"; };
		0808A8A52A06384A00CA3AB1 /* Deck.swift */ = {isa = PBXFileReference; lastKnownFileType = sourcecode.swift; path = Deck.swift; sourceTree = "<group>"; };
		0808A8A72A08D53900CA3AB1 /* ShapeView.swift */ = {isa = PBXFileReference; lastKnownFileType = sourcecode.swift; path = ShapeView.swift; sourceTree = "<group>"; };
		0808A8A92A08D7C200CA3AB1 /* ActionBarView.swift */ = {isa = PBXFileReference; lastKnownFileType = sourcecode.swift; path = ActionBarView.swift; sourceTree = "<group>"; };
		084E43162A0A823D0090E74F /* Extensions.swift */ = {isa = PBXFileReference; lastKnownFileType = sourcecode.swift; path = Extensions.swift; sourceTree = "<group>"; };
		0865EA372A0A360900EC20F6 /* StripedView.swift */ = {isa = PBXFileReference; lastKnownFileType = sourcecode.swift; path = StripedView.swift; sourceTree = "<group>"; };
		0865EA392A0A423F00EC20F6 /* TopBarView.swift */ = {isa = PBXFileReference; lastKnownFileType = sourcecode.swift; path = TopBarView.swift; sourceTree = "<group>"; };
		08CFE7E92A001130000B7FF0 /* Set.app */ = {isa = PBXFileReference; explicitFileType = wrapper.application; includeInIndex = 0; path = Set.app; sourceTree = BUILT_PRODUCTS_DIR; };
		08CFE7EC2A001130000B7FF0 /* SetApp.swift */ = {isa = PBXFileReference; lastKnownFileType = sourcecode.swift; path = SetApp.swift; sourceTree = "<group>"; };
		08CFE7EE2A001130000B7FF0 /* SetView.swift */ = {isa = PBXFileReference; lastKnownFileType = sourcecode.swift; path = SetView.swift; sourceTree = "<group>"; };
		08CFE7F02A001132000B7FF0 /* Assets.xcassets */ = {isa = PBXFileReference; lastKnownFileType = folder.assetcatalog; path = Assets.xcassets; sourceTree = "<group>"; };
		08CFE7F32A001132000B7FF0 /* Preview Assets.xcassets */ = {isa = PBXFileReference; lastKnownFileType = folder.assetcatalog; path = "Preview Assets.xcassets"; sourceTree = "<group>"; };
		08CFE7FD2A001156000B7FF0 /* SetGame.swift */ = {isa = PBXFileReference; lastKnownFileType = sourcecode.swift; path = SetGame.swift; sourceTree = "<group>"; };
		08CFE7FF2A0030FD000B7FF0 /* Diamond.swift */ = {isa = PBXFileReference; lastKnownFileType = sourcecode.swift; path = Diamond.swift; sourceTree = "<group>"; };
		08CFE8012A003682000B7FF0 /* Oval.swift */ = {isa = PBXFileReference; lastKnownFileType = sourcecode.swift; path = Oval.swift; sourceTree = "<group>"; };
		08CFE8032A00DA53000B7FF0 /* Squiggle.swift */ = {isa = PBXFileReference; lastKnownFileType = sourcecode.swift; path = Squiggle.swift; sourceTree = "<group>"; };
		08CFE8072A0137FC000B7FF0 /* SquiggleView.swift */ = {isa = PBXFileReference; lastKnownFileType = sourcecode.swift; path = SquiggleView.swift; sourceTree = "<group>"; };
		08CFE8092A017BFD000B7FF0 /* SetViewModel.swift */ = {isa = PBXFileReference; lastKnownFileType = sourcecode.swift; path = SetViewModel.swift; sourceTree = "<group>"; };
		08CFE80B2A01838D000B7FF0 /* CardView.swift */ = {isa = PBXFileReference; lastKnownFileType = sourcecode.swift; path = CardView.swift; sourceTree = "<group>"; };
		08CFE80D2A0183E0000B7FF0 /* SetCardViewModel.swift */ = {isa = PBXFileReference; lastKnownFileType = sourcecode.swift; path = SetCardViewModel.swift; sourceTree = "<group>"; };
		08CFE80F2A01861A000B7FF0 /* AspectVGrid.swift */ = {isa = PBXFileReference; lastKnownFileType = sourcecode.swift; path = AspectVGrid.swift; sourceTree = "<group>"; };
/* End PBXFileReference section */

/* Begin PBXFrameworksBuildPhase section */
		08CFE7E62A001130000B7FF0 /* Frameworks */ = {
			isa = PBXFrameworksBuildPhase;
			buildActionMask = 2147483647;
			files = (
			);
			runOnlyForDeploymentPostprocessing = 0;
		};
/* End PBXFrameworksBuildPhase section */

/* Begin PBXGroup section */
		0808A89F2A058F5000CA3AB1 /* Shapes */ = {
			isa = PBXGroup;
			children = (
				08CFE7FF2A0030FD000B7FF0 /* Diamond.swift */,
				08CFE8012A003682000B7FF0 /* Oval.swift */,
				08CFE8032A00DA53000B7FF0 /* Squiggle.swift */,
				08CFE8072A0137FC000B7FF0 /* SquiggleView.swift */,
			);
			path = Shapes;
			sourceTree = "<group>";
		};
		0808A8A22A062FAB00CA3AB1 /* Default */ = {
			isa = PBXGroup;
			children = (
				0808A8A32A062FB400CA3AB1 /* Card.swift */,
				0808A8A52A06384A00CA3AB1 /* Deck.swift */,
			);
			path = Default;
			sourceTree = "<group>";
		};
		084E43152A0A82250090E74F /* Extensions */ = {
			isa = PBXGroup;
			children = (
				084E43162A0A823D0090E74F /* Extensions.swift */,
			);
			path = Extensions;
			sourceTree = "<group>";
		};
		08CFE7E02A001130000B7FF0 = {
			isa = PBXGroup;
			children = (
				08CFE7EB2A001130000B7FF0 /* Set */,
				08CFE7EA2A001130000B7FF0 /* Products */,
			);
			sourceTree = "<group>";
		};
		08CFE7EA2A001130000B7FF0 /* Products */ = {
			isa = PBXGroup;
			children = (
				08CFE7E92A001130000B7FF0 /* Set.app */,
			);
			name = Products;
			sourceTree = "<group>";
		};
		08CFE7EB2A001130000B7FF0 /* Set */ = {
			isa = PBXGroup;
			children = (
				084E43152A0A82250090E74F /* Extensions */,
				08CFE7FC2A001148000B7FF0 /* View */,
				08CFE7FB2A001144000B7FF0 /* ViewModel */,
				08CFE7FA2A001140000B7FF0 /* Model */,
				08CFE7EC2A001130000B7FF0 /* SetApp.swift */,
				08CFE7F02A001132000B7FF0 /* Assets.xcassets */,
				08CFE7F22A001132000B7FF0 /* Preview Content */,
			);
			path = Set;
			sourceTree = "<group>";
		};
		08CFE7F22A001132000B7FF0 /* Preview Content */ = {
			isa = PBXGroup;
			children = (
				08CFE7F32A001132000B7FF0 /* Preview Assets.xcassets */,
			);
			path = "Preview Content";
			sourceTree = "<group>";
		};
		08CFE7FA2A001140000B7FF0 /* Model */ = {
			isa = PBXGroup;
			children = (
				08CFE7FD2A001156000B7FF0 /* SetGame.swift */,
				0808A8A02A061A0600CA3AB1 /* SetSelection.swift */,
				0808A89B2A0586D200CA3AB1 /* SetCard.swift */,
				0808A89D2A058D5F00CA3AB1 /* SetDeck.swift */,
			);
			path = Model;
			sourceTree = "<group>";
		};
		08CFE7FB2A001144000B7FF0 /* ViewModel */ = {
			isa = PBXGroup;
			children = (
				0808A8A22A062FAB00CA3AB1 /* Default */,
				08CFE8092A017BFD000B7FF0 /* SetViewModel.swift */,
				08CFE80D2A0183E0000B7FF0 /* SetCardViewModel.swift */,
			);
			path = ViewModel;
			sourceTree = "<group>";
		};
		08CFE7FC2A001148000B7FF0 /* View */ = {
			isa = PBXGroup;
			children = (
				0808A89F2A058F5000CA3AB1 /* Shapes */,
				08CFE80B2A01838D000B7FF0 /* CardView.swift */,
				0808A8A72A08D53900CA3AB1 /* ShapeView.swift */,
				0865EA372A0A360900EC20F6 /* StripedView.swift */,
				08CFE7EE2A001130000B7FF0 /* SetView.swift */,
				08CFE80F2A01861A000B7FF0 /* AspectVGrid.swift */,
				0808A8A92A08D7C200CA3AB1 /* ActionBarView.swift */,
				0865EA392A0A423F00EC20F6 /* TopBarView.swift */,
			);
			path = View;
			sourceTree = "<group>";
		};
/* End PBXGroup section */

/* Begin PBXNativeTarget section */
		08CFE7E82A001130000B7FF0 /* Set */ = {
			isa = PBXNativeTarget;
			buildConfigurationList = 08CFE7F72A001132000B7FF0 /* Build configuration list for PBXNativeTarget "Set" */;
			buildPhases = (
				08CFE7E52A001130000B7FF0 /* Sources */,
				08CFE7E62A001130000B7FF0 /* Frameworks */,
				08CFE7E72A001130000B7FF0 /* Resources */,
			);
			buildRules = (
			);
			dependencies = (
			);
			name = Set;
			productName = Set;
			productReference = 08CFE7E92A001130000B7FF0 /* Set.app */;
			productType = "com.apple.product-type.application";
		};
/* End PBXNativeTarget section */

/* Begin PBXProject section */
		08CFE7E12A001130000B7FF0 /* Project object */ = {
			isa = PBXProject;
			attributes = {
				BuildIndependentTargetsInParallel = 1;
				LastSwiftUpdateCheck = 1430;
				LastUpgradeCheck = 1430;
				TargetAttributes = {
					08CFE7E82A001130000B7FF0 = {
						CreatedOnToolsVersion = 14.3;
					};
				};
			};
			buildConfigurationList = 08CFE7E42A001130000B7FF0 /* Build configuration list for PBXProject "Set" */;
			compatibilityVersion = "Xcode 14.0";
			developmentRegion = en;
			hasScannedForEncodings = 0;
			knownRegions = (
				en,
				Base,
			);
			mainGroup = 08CFE7E02A001130000B7FF0;
			productRefGroup = 08CFE7EA2A001130000B7FF0 /* Products */;
			projectDirPath = "";
			projectRoot = "";
			targets = (
				08CFE7E82A001130000B7FF0 /* Set */,
			);
		};
/* End PBXProject section */

/* Begin PBXResourcesBuildPhase section */
		08CFE7E72A001130000B7FF0 /* Resources */ = {
			isa = PBXResourcesBuildPhase;
			buildActionMask = 2147483647;
			files = (
				08CFE7F42A001132000B7FF0 /* Preview Assets.xcassets in Resources */,
				08CFE7F12A001132000B7FF0 /* Assets.xcassets in Resources */,
			);
			runOnlyForDeploymentPostprocessing = 0;
		};
/* End PBXResourcesBuildPhase section */

/* Begin PBXSourcesBuildPhase section */
		08CFE7E52A001130000B7FF0 /* Sources */ = {
			isa = PBXSourcesBuildPhase;
			buildActionMask = 2147483647;
			files = (
				08CFE8042A00DA53000B7FF0 /* Squiggle.swift in Sources */,
				08CFE80C2A01838D000B7FF0 /* CardView.swift in Sources */,
				08CFE8002A0030FD000B7FF0 /* Diamond.swift in Sources */,
				08CFE8022A003682000B7FF0 /* Oval.swift in Sources */,
				08CFE8102A01861A000B7FF0 /* AspectVGrid.swift in Sources */,
				0808A89E2A058D5F00CA3AB1 /* SetDeck.swift in Sources */,
				08CFE8082A0137FC000B7FF0 /* SquiggleView.swift in Sources */,
				0808A8A42A062FB400CA3AB1 /* Card.swift in Sources */,
				0808A89C2A0586D200CA3AB1 /* SetCard.swift in Sources */,
				08CFE7EF2A001130000B7FF0 /* SetView.swift in Sources */,
				0865EA382A0A360900EC20F6 /* StripedView.swift in Sources */,
				0808A8AA2A08D7C200CA3AB1 /* ActionBarView.swift in Sources */,
				08CFE80A2A017BFD000B7FF0 /* SetViewModel.swift in Sources */,
				084E43172A0A823D0090E74F /* Extensions.swift in Sources */,
				0808A8A12A061A0600CA3AB1 /* SetSelection.swift in Sources */,
				0865EA3A2A0A423F00EC20F6 /* TopBarView.swift in Sources */,
				0808A8A82A08D53900CA3AB1 /* ShapeView.swift in Sources */,
				0808A8A62A06384A00CA3AB1 /* Deck.swift in Sources */,
				08CFE80E2A0183E0000B7FF0 /* SetCardViewModel.swift in Sources */,
				08CFE7FE2A001156000B7FF0 /* SetGame.swift in Sources */,
				08CFE7ED2A001130000B7FF0 /* SetApp.swift in Sources */,
			);
			runOnlyForDeploymentPostprocessing = 0;
		};
/* End PBXSourcesBuildPhase section */

/* Begin XCBuildConfiguration section */
		08CFE7F52A001132000B7FF0 /* Debug */ = {
			isa = XCBuildConfiguration;
			buildSettings = {
				ALWAYS_SEARCH_USER_PATHS = NO;
				CLANG_ANALYZER_NONNULL = YES;
				CLANG_ANALYZER_NUMBER_OBJECT_CONVERSION = YES_AGGRESSIVE;
				CLANG_CXX_LANGUAGE_STANDARD = "gnu++20";
				CLANG_ENABLE_MODULES = YES;
				CLANG_ENABLE_OBJC_ARC = YES;
				CLANG_ENABLE_OBJC_WEAK = YES;
				CLANG_WARN_BLOCK_CAPTURE_AUTORELEASING = YES;
				CLANG_WARN_BOOL_CONVERSION = YES;
				CLANG_WARN_COMMA = YES;
				CLANG_WARN_CONSTANT_CONVERSION = YES;
				CLANG_WARN_DEPRECATED_OBJC_IMPLEMENTATIONS = YES;
				CLANG_WARN_DIRECT_OBJC_ISA_USAGE = YES_ERROR;
				CLANG_WARN_DOCUMENTATION_COMMENTS = YES;
				CLANG_WARN_EMPTY_BODY = YES;
				CLANG_WARN_ENUM_CONVERSION = YES;
				CLANG_WARN_INFINITE_RECURSION = YES;
				CLANG_WARN_INT_CONVERSION = YES;
				CLANG_WARN_NON_LITERAL_NULL_CONVERSION = YES;
				CLANG_WARN_OBJC_IMPLICIT_RETAIN_SELF = YES;
				CLANG_WARN_OBJC_LITERAL_CONVERSION = YES;
				CLANG_WARN_OBJC_ROOT_CLASS = YES_ERROR;
				CLANG_WARN_QUOTED_INCLUDE_IN_FRAMEWORK_HEADER = YES;
				CLANG_WARN_RANGE_LOOP_ANALYSIS = YES;
				CLANG_WARN_STRICT_PROTOTYPES = YES;
				CLANG_WARN_SUSPICIOUS_MOVE = YES;
				CLANG_WARN_UNGUARDED_AVAILABILITY = YES_AGGRESSIVE;
				CLANG_WARN_UNREACHABLE_CODE = YES;
				CLANG_WARN__DUPLICATE_METHOD_MATCH = YES;
				COPY_PHASE_STRIP = NO;
				DEBUG_INFORMATION_FORMAT = dwarf;
				ENABLE_STRICT_OBJC_MSGSEND = YES;
				ENABLE_TESTABILITY = YES;
				GCC_C_LANGUAGE_STANDARD = gnu11;
				GCC_DYNAMIC_NO_PIC = NO;
				GCC_NO_COMMON_BLOCKS = YES;
				GCC_OPTIMIZATION_LEVEL = 0;
				GCC_PREPROCESSOR_DEFINITIONS = (
					"DEBUG=1",
					"$(inherited)",
				);
				GCC_WARN_64_TO_32_BIT_CONVERSION = YES;
				GCC_WARN_ABOUT_RETURN_TYPE = YES_ERROR;
				GCC_WARN_UNDECLARED_SELECTOR = YES;
				GCC_WARN_UNINITIALIZED_AUTOS = YES_AGGRESSIVE;
				GCC_WARN_UNUSED_FUNCTION = YES;
				GCC_WARN_UNUSED_VARIABLE = YES;
				IPHONEOS_DEPLOYMENT_TARGET = 16.4;
				MTL_ENABLE_DEBUG_INFO = INCLUDE_SOURCE;
				MTL_FAST_MATH = YES;
				ONLY_ACTIVE_ARCH = YES;
				SDKROOT = iphoneos;
				SWIFT_ACTIVE_COMPILATION_CONDITIONS = DEBUG;
				SWIFT_OPTIMIZATION_LEVEL = "-Onone";
			};
			name = Debug;
		};
		08CFE7F62A001132000B7FF0 /* Release */ = {
			isa = XCBuildConfiguration;
			buildSettings = {
				ALWAYS_SEARCH_USER_PATHS = NO;
				CLANG_ANALYZER_NONNULL = YES;
				CLANG_ANALYZER_NUMBER_OBJECT_CONVERSION = YES_AGGRESSIVE;
				CLANG_CXX_LANGUAGE_STANDARD = "gnu++20";
				CLANG_ENABLE_MODULES = YES;
				CLANG_ENABLE_OBJC_ARC = YES;
				CLANG_ENABLE_OBJC_WEAK = YES;
				CLANG_WARN_BLOCK_CAPTURE_AUTORELEASING = YES;
				CLANG_WARN_BOOL_CONVERSION = YES;
				CLANG_WARN_COMMA = YES;
				CLANG_WARN_CONSTANT_CONVERSION = YES;
				CLANG_WARN_DEPRECATED_OBJC_IMPLEMENTATIONS = YES;
				CLANG_WARN_DIRECT_OBJC_ISA_USAGE = YES_ERROR;
				CLANG_WARN_DOCUMENTATION_COMMENTS = YES;
				CLANG_WARN_EMPTY_BODY = YES;
				CLANG_WARN_ENUM_CONVERSION = YES;
				CLANG_WARN_INFINITE_RECURSION = YES;
				CLANG_WARN_INT_CONVERSION = YES;
				CLANG_WARN_NON_LITERAL_NULL_CONVERSION = YES;
				CLANG_WARN_OBJC_IMPLICIT_RETAIN_SELF = YES;
				CLANG_WARN_OBJC_LITERAL_CONVERSION = YES;
				CLANG_WARN_OBJC_ROOT_CLASS = YES_ERROR;
				CLANG_WARN_QUOTED_INCLUDE_IN_FRAMEWORK_HEADER = YES;
				CLANG_WARN_RANGE_LOOP_ANALYSIS = YES;
				CLANG_WARN_STRICT_PROTOTYPES = YES;
				CLANG_WARN_SUSPICIOUS_MOVE = YES;
				CLANG_WARN_UNGUARDED_AVAILABILITY = YES_AGGRESSIVE;
				CLANG_WARN_UNREACHABLE_CODE = YES;
				CLANG_WARN__DUPLICATE_METHOD_MATCH = YES;
				COPY_PHASE_STRIP = NO;
				DEBUG_INFORMATION_FORMAT = "dwarf-with-dsym";
				ENABLE_NS_ASSERTIONS = NO;
				ENABLE_STRICT_OBJC_MSGSEND = YES;
				GCC_C_LANGUAGE_STANDARD = gnu11;
				GCC_NO_COMMON_BLOCKS = YES;
				GCC_WARN_64_TO_32_BIT_CONVERSION = YES;
				GCC_WARN_ABOUT_RETURN_TYPE = YES_ERROR;
				GCC_WARN_UNDECLARED_SELECTOR = YES;
				GCC_WARN_UNINITIALIZED_AUTOS = YES_AGGRESSIVE;
				GCC_WARN_UNUSED_FUNCTION = YES;
				GCC_WARN_UNUSED_VARIABLE = YES;
				IPHONEOS_DEPLOYMENT_TARGET = 16.4;
				MTL_ENABLE_DEBUG_INFO = NO;
				MTL_FAST_MATH = YES;
				SDKROOT = iphoneos;
				SWIFT_COMPILATION_MODE = wholemodule;
				SWIFT_OPTIMIZATION_LEVEL = "-O";
				VALIDATE_PRODUCT = YES;
			};
			name = Release;
		};
		08CFE7F82A001132000B7FF0 /* Debug */ = {
			isa = XCBuildConfiguration;
			buildSettings = {
				ASSETCATALOG_COMPILER_APPICON_NAME = AppIcon;
				ASSETCATALOG_COMPILER_GLOBAL_ACCENT_COLOR_NAME = AccentColor;
				CODE_SIGN_STYLE = Automatic;
				CURRENT_PROJECT_VERSION = 1;
				DEVELOPMENT_ASSET_PATHS = "\"Set/Preview Content\"";
				DEVELOPMENT_TEAM = 472Y6UAR52;
				ENABLE_PREVIEWS = YES;
				GENERATE_INFOPLIST_FILE = YES;
				INFOPLIST_KEY_UIApplicationSceneManifest_Generation = YES;
				INFOPLIST_KEY_UIApplicationSupportsIndirectInputEvents = YES;
				INFOPLIST_KEY_UILaunchScreen_Generation = YES;
				INFOPLIST_KEY_UISupportedInterfaceOrientations_iPad = "UIInterfaceOrientationPortrait UIInterfaceOrientationPortraitUpsideDown UIInterfaceOrientationLandscapeLeft UIInterfaceOrientationLandscapeRight";
				INFOPLIST_KEY_UISupportedInterfaceOrientations_iPhone = "UIInterfaceOrientationPortrait UIInterfaceOrientationLandscapeLeft UIInterfaceOrientationLandscapeRight";
				LD_RUNPATH_SEARCH_PATHS = (
					"$(inherited)",
					"@executable_path/Frameworks",
				);
				MARKETING_VERSION = 1.0;
				PRODUCT_BUNDLE_IDENTIFIER = dev.vdberg.Set;
				PRODUCT_NAME = "$(TARGET_NAME)";
				SWIFT_EMIT_LOC_STRINGS = YES;
				SWIFT_VERSION = 5.0;
				TARGETED_DEVICE_FAMILY = "1,2";
			};
			name = Debug;
		};
		08CFE7F92A001132000B7FF0 /* Release */ = {
			isa = XCBuildConfiguration;
			buildSettings = {
				ASSETCATALOG_COMPILER_APPICON_NAME = AppIcon;
				ASSETCATALOG_COMPILER_GLOBAL_ACCENT_COLOR_NAME = AccentColor;
				CODE_SIGN_STYLE = Automatic;
				CURRENT_PROJECT_VERSION = 1;
				DEVELOPMENT_ASSET_PATHS = "\"Set/Preview Content\"";
				DEVELOPMENT_TEAM = 472Y6UAR52;
				ENABLE_PREVIEWS = YES;
				GENERATE_INFOPLIST_FILE = YES;
				INFOPLIST_KEY_UIApplicationSceneManifest_Generation = YES;
				INFOPLIST_KEY_UIApplicationSupportsIndirectInputEvents = YES;
				INFOPLIST_KEY_UILaunchScreen_Generation = YES;
				INFOPLIST_KEY_UISupportedInterfaceOrientations_iPad = "UIInterfaceOrientationPortrait UIInterfaceOrientationPortraitUpsideDown UIInterfaceOrientationLandscapeLeft UIInterfaceOrientationLandscapeRight";
				INFOPLIST_KEY_UISupportedInterfaceOrientations_iPhone = "UIInterfaceOrientationPortrait UIInterfaceOrientationLandscapeLeft UIInterfaceOrientationLandscapeRight";
				LD_RUNPATH_SEARCH_PATHS = (
					"$(inherited)",
					"@executable_path/Frameworks",
				);
				MARKETING_VERSION = 1.0;
				PRODUCT_BUNDLE_IDENTIFIER = dev.vdberg.Set;
				PRODUCT_NAME = "$(TARGET_NAME)";
				SWIFT_EMIT_LOC_STRINGS = YES;
				SWIFT_VERSION = 5.0;
				TARGETED_DEVICE_FAMILY = "1,2";
			};
			name = Release;
		};
/* End XCBuildConfiguration section */

/* Begin XCConfigurationList section */
		08CFE7E42A001130000B7FF0 /* Build configuration list for PBXProject "Set" */ = {
			isa = XCConfigurationList;
			buildConfigurations = (
				08CFE7F52A001132000B7FF0 /* Debug */,
				08CFE7F62A001132000B7FF0 /* Release */,
			);
			defaultConfigurationIsVisible = 0;
			defaultConfigurationName = Release;
		};
		08CFE7F72A001132000B7FF0 /* Build configuration list for PBXNativeTarget "Set" */ = {
			isa = XCConfigurationList;
			buildConfigurations = (
				08CFE7F82A001132000B7FF0 /* Debug */,
				08CFE7F92A001132000B7FF0 /* Release */,
			);
			defaultConfigurationIsVisible = 0;
			defaultConfigurationName = Release;
		};
/* End XCConfigurationList section */
	};
	rootObject = 08CFE7E12A001130000B7FF0 /* Project object */;
}
